{
  "name": "foo",
  "version": "1.0.0",
  "lockfileVersion": 1,
  "requires": true,
  "dependencies": {
    "crypto": {
      "version": "1.0.1",
      "resolved": "https://registry.npmjs.org/crypto/-/crypto-1.0.1.tgz",
      "integrity": "sha512-VxBKmeNcqQdiUQUW2Tzq0t377b54N2bMtXO/qiLa+6eRRmmC4qT3D4OnTGoT/U6O9aklQ/jTwbOtRMTTY8G0Ig=="
    },
    "js-sha3": {
      "version": "0.6.1",
      "resolved": "https://registry.npmjs.org/js-sha3/-/js-sha3-0.6.1.tgz",
      "integrity": "sha1-W4n3enR3Z5h39YxKB1JAk0sflcA="
    },
    "jsrsasign": {
      "version": "8.0.4",
      "resolved": "https://registry.npmjs.org/jsrsasign/-/jsrsasign-8.0.4.tgz",
      "integrity": "sha1-P3uCOIRPEmtJanVW7J9LUR+V+GE="
    },
    "jssha": {
      "version": "2.3.1",
      "resolved": "https://registry.npmjs.org/jssha/-/jssha-2.3.1.tgz",
      "integrity": "sha1-FHshJTaQNcpLL30hDcU58Amz3po="
    },
    "sjcl": {
      "version": "1.0.7",
      "resolved": "https://registry.npmjs.org/sjcl/-/sjcl-1.0.7.tgz",
      "integrity": "sha1-MrNlpQ3Ju6JriLo8nfjqNCF9n0U="
    },
    "sjcl-codec": {
      "version": "0.1.1",
      "resolved": "https://registry.npmjs.org/sjcl-codec/-/sjcl-codec-0.1.1.tgz",
      "integrity": "sha1-aub9c2xOBb/9pLxhoYox9X12HZU="
    }
  }
}
